// !$*UTF8*$!
{
	archiveVersion = 1;
	classes = {
	};
	objectVersion = 56;
	objects = {

/* Begin PBXBuildFile section */
		7639FFAC291A79F400EBC225 /* Theme.swift in Sources */ = {isa = PBXBuildFile; fileRef = 7639FFAB291A79F400EBC225 /* Theme.swift */; };
		7639FFAE291A7CA900EBC225 /* DailyScrum.swift in Sources */ = {isa = PBXBuildFile; fileRef = 7639FFAD291A7CA900EBC225 /* DailyScrum.swift */; };
		7639FFB0291A7E8200EBC225 /* CardView.swift in Sources */ = {isa = PBXBuildFile; fileRef = 7639FFAF291A7E8200EBC225 /* CardView.swift */; };
		7639FFB2291A88D300EBC225 /* TrailingIconLabelStyle.swift in Sources */ = {isa = PBXBuildFile; fileRef = 7639FFB1291A88D300EBC225 /* TrailingIconLabelStyle.swift */; };
		76A74785291A98F100525F5D /* ScrumsView.swift in Sources */ = {isa = PBXBuildFile; fileRef = 76A74784291A98F100525F5D /* ScrumsView.swift */; };
		76A74787291AA17000525F5D /* DetailView.swift in Sources */ = {isa = PBXBuildFile; fileRef = 76A74786291AA17000525F5D /* DetailView.swift */; };
		76A7478B291BC07300525F5D /* DetailEditView.swift in Sources */ = {isa = PBXBuildFile; fileRef = 76A7478A291BC07300525F5D /* DetailEditView.swift */; };
		76A7478F291BDF2B00525F5D /* ThemeView.swift in Sources */ = {isa = PBXBuildFile; fileRef = 76A7478E291BDF2B00525F5D /* ThemeView.swift */; };
		76A74791291BE3B400525F5D /* ThemePicker.swift in Sources */ = {isa = PBXBuildFile; fileRef = 76A74790291BE3B400525F5D /* ThemePicker.swift */; };
		76A74793291CFF4500525F5D /* MeetingHeaderView.swift in Sources */ = {isa = PBXBuildFile; fileRef = 76A74792291CFF4500525F5D /* MeetingHeaderView.swift */; };
		76A74795291D18EB00525F5D /* ScrumProgressViewStyle.swift in Sources */ = {isa = PBXBuildFile; fileRef = 76A74794291D18EB00525F5D /* ScrumProgressViewStyle.swift */; };
		76A74797291D1C0A00525F5D /* ScrumTimer.swift in Sources */ = {isa = PBXBuildFile; fileRef = 76A74796291D1C0A00525F5D /* ScrumTimer.swift */; };
		76A7479A291D212C00525F5D /* MeetingFooterView.swift in Sources */ = {isa = PBXBuildFile; fileRef = 76A74799291D212C00525F5D /* MeetingFooterView.swift */; };
		76A7479C291D22CE00525F5D /* AVPlayer.swift in Sources */ = {isa = PBXBuildFile; fileRef = 76A7479B291D22CE00525F5D /* AVPlayer.swift */; };
		76D6CD52291A503D0093C35F /* ScrumdingerApp.swift in Sources */ = {isa = PBXBuildFile; fileRef = 76D6CD51291A503D0093C35F /* ScrumdingerApp.swift */; };
		76D6CD56291A503E0093C35F /* Assets.xcassets in Resources */ = {isa = PBXBuildFile; fileRef = 76D6CD55291A503E0093C35F /* Assets.xcassets */; };
		76D6CD59291A503E0093C35F /* Preview Assets.xcassets in Resources */ = {isa = PBXBuildFile; fileRef = 76D6CD58291A503E0093C35F /* Preview Assets.xcassets */; };
		76D6CD65291A62C20093C35F /* MeetingView.swift in Sources */ = {isa = PBXBuildFile; fileRef = 76D6CD64291A62C20093C35F /* MeetingView.swift */; };
/* End PBXBuildFile section */

/* Begin PBXFileReference section */
		7639FFAB291A79F400EBC225 /* Theme.swift */ = {isa = PBXFileReference; lastKnownFileType = sourcecode.swift; path = Theme.swift; sourceTree = "<group>"; };
		7639FFAD291A7CA900EBC225 /* DailyScrum.swift */ = {isa = PBXFileReference; lastKnownFileType = sourcecode.swift; path = DailyScrum.swift; sourceTree = "<group>"; };
		7639FFAF291A7E8200EBC225 /* CardView.swift */ = {isa = PBXFileReference; lastKnownFileType = sourcecode.swift; path = CardView.swift; sourceTree = "<group>"; };
		7639FFB1291A88D300EBC225 /* TrailingIconLabelStyle.swift */ = {isa = PBXFileReference; lastKnownFileType = sourcecode.swift; path = TrailingIconLabelStyle.swift; sourceTree = "<group>"; };
		76A74784291A98F100525F5D /* ScrumsView.swift */ = {isa = PBXFileReference; lastKnownFileType = sourcecode.swift; path = ScrumsView.swift; sourceTree = "<group>"; };
		76A74786291AA17000525F5D /* DetailView.swift */ = {isa = PBXFileReference; lastKnownFileType = sourcecode.swift; path = DetailView.swift; sourceTree = "<group>"; };
		76A7478A291BC07300525F5D /* DetailEditView.swift */ = {isa = PBXFileReference; lastKnownFileType = sourcecode.swift; path = DetailEditView.swift; sourceTree = "<group>"; };
		76A7478E291BDF2B00525F5D /* ThemeView.swift */ = {isa = PBXFileReference; lastKnownFileType = sourcecode.swift; path = ThemeView.swift; sourceTree = "<group>"; };
		76A74790291BE3B400525F5D /* ThemePicker.swift */ = {isa = PBXFileReference; lastKnownFileType = sourcecode.swift; path = ThemePicker.swift; sourceTree = "<group>"; };
		76A74792291CFF4500525F5D /* MeetingHeaderView.swift */ = {isa = PBXFileReference; lastKnownFileType = sourcecode.swift; path = MeetingHeaderView.swift; sourceTree = "<group>"; };
		76A74794291D18EB00525F5D /* ScrumProgressViewStyle.swift */ = {isa = PBXFileReference; lastKnownFileType = sourcecode.swift; path = ScrumProgressViewStyle.swift; sourceTree = "<group>"; };
		76A74796291D1C0A00525F5D /* ScrumTimer.swift */ = {isa = PBXFileReference; lastKnownFileType = sourcecode.swift; path = ScrumTimer.swift; sourceTree = "<group>"; };
		76A74799291D212C00525F5D /* MeetingFooterView.swift */ = {isa = PBXFileReference; lastKnownFileType = sourcecode.swift; path = MeetingFooterView.swift; sourceTree = "<group>"; };
		76A7479B291D22CE00525F5D /* AVPlayer.swift */ = {isa = PBXFileReference; lastKnownFileType = sourcecode.swift; path = AVPlayer.swift; sourceTree = "<group>"; };
		76D6CD4E291A503D0093C35F /* Scrumdinger.app */ = {isa = PBXFileReference; explicitFileType = wrapper.application; includeInIndex = 0; path = Scrumdinger.app; sourceTree = BUILT_PRODUCTS_DIR; };
		76D6CD51291A503D0093C35F /* ScrumdingerApp.swift */ = {isa = PBXFileReference; lastKnownFileType = sourcecode.swift; path = ScrumdingerApp.swift; sourceTree = "<group>"; };
		76D6CD55291A503E0093C35F /* Assets.xcassets */ = {isa = PBXFileReference; lastKnownFileType = folder.assetcatalog; path = Assets.xcassets; sourceTree = "<group>"; };
		76D6CD58291A503E0093C35F /* Preview Assets.xcassets */ = {isa = PBXFileReference; lastKnownFileType = folder.assetcatalog; path = "Preview Assets.xcassets"; sourceTree = "<group>"; };
		76D6CD64291A62C20093C35F /* MeetingView.swift */ = {isa = PBXFileReference; lastKnownFileType = sourcecode.swift; path = MeetingView.swift; sourceTree = "<group>"; };
/* End PBXFileReference section */

/* Begin PBXFrameworksBuildPhase section */
		76D6CD4B291A503D0093C35F /* Frameworks */ = {
			isa = PBXFrameworksBuildPhase;
			buildActionMask = 2147483647;
			files = (
			);
			runOnlyForDeploymentPostprocessing = 0;
		};
/* End PBXFrameworksBuildPhase section */

/* Begin PBXGroup section */
		7639FFAA291A79AB00EBC225 /* Models */ = {
			isa = PBXGroup;
			children = (
				7639FFAB291A79F400EBC225 /* Theme.swift */,
				7639FFAD291A7CA900EBC225 /* DailyScrum.swift */,
			);
			path = Models;
			sourceTree = "<group>";
		};
		76A7478C291BD5D700525F5D /* Views */ = {
			isa = PBXGroup;
			children = (
				76A74784291A98F100525F5D /* ScrumsView.swift */,
				76A7478A291BC07300525F5D /* DetailEditView.swift */,
				7639FFAF291A7E8200EBC225 /* CardView.swift */,
				76D6CD64291A62C20093C35F /* MeetingView.swift */,
				76A74786291AA17000525F5D /* DetailView.swift */,
				76A7478E291BDF2B00525F5D /* ThemeView.swift */,
				76A74790291BE3B400525F5D /* ThemePicker.swift */,
				76A74792291CFF4500525F5D /* MeetingHeaderView.swift */,
				76A74794291D18EB00525F5D /* ScrumProgressViewStyle.swift */,
				76A74799291D212C00525F5D /* MeetingFooterView.swift */,
			);
			path = Views;
			sourceTree = "<group>";
		};
		76A7478D291BD64700525F5D /* Helpers */ = {
			isa = PBXGroup;
			children = (
				7639FFB1291A88D300EBC225 /* TrailingIconLabelStyle.swift */,
				76A7479B291D22CE00525F5D /* AVPlayer.swift */,
			);
			path = Helpers;
			sourceTree = "<group>";
		};
		76A74798291D1D1800525F5D /* ViewModel */ = {
			isa = PBXGroup;
			children = (
				76A74796291D1C0A00525F5D /* ScrumTimer.swift */,
			);
			path = ViewModel;
			sourceTree = "<group>";
		};
		76D6CD45291A503D0093C35F = {
			isa = PBXGroup;
			children = (
				76D6CD50291A503D0093C35F /* Scrumdinger */,
				76D6CD4F291A503D0093C35F /* Products */,
			);
			sourceTree = "<group>";
		};
		76D6CD4F291A503D0093C35F /* Products */ = {
			isa = PBXGroup;
			children = (
				76D6CD4E291A503D0093C35F /* Scrumdinger.app */,
			);
			name = Products;
			sourceTree = "<group>";
		};
		76D6CD50291A503D0093C35F /* Scrumdinger */ = {
			isa = PBXGroup;
			children = (
				76A74798291D1D1800525F5D /* ViewModel */,
				76A7478D291BD64700525F5D /* Helpers */,
				76A7478C291BD5D700525F5D /* Views */,
				7639FFAA291A79AB00EBC225 /* Models */,
				76D6CD51291A503D0093C35F /* ScrumdingerApp.swift */,
				76D6CD55291A503E0093C35F /* Assets.xcassets */,
				76D6CD57291A503E0093C35F /* Preview Content */,
			);
			path = Scrumdinger;
			sourceTree = "<group>";
		};
		76D6CD57291A503E0093C35F /* Preview Content */ = {
			isa = PBXGroup;
			children = (
				76D6CD58291A503E0093C35F /* Preview Assets.xcassets */,
			);
			path = "Preview Content";
			sourceTree = "<group>";
		};
/* End PBXGroup section */

/* Begin PBXNativeTarget section */
		76D6CD4D291A503D0093C35F /* Scrumdinger */ = {
			isa = PBXNativeTarget;
			buildConfigurationList = 76D6CD5C291A503E0093C35F /* Build configuration list for PBXNativeTarget "Scrumdinger" */;
			buildPhases = (
				76D6CD4A291A503D0093C35F /* Sources */,
				76D6CD4B291A503D0093C35F /* Frameworks */,
				76D6CD4C291A503D0093C35F /* Resources */,
			);
			buildRules = (
			);
			dependencies = (
			);
			name = Scrumdinger;
			productName = Scrumdinger;
			productReference = 76D6CD4E291A503D0093C35F /* Scrumdinger.app */;
			productType = "com.apple.product-type.application";
		};
/* End PBXNativeTarget section */

/* Begin PBXProject section */
		76D6CD46291A503D0093C35F /* Project object */ = {
			isa = PBXProject;
			attributes = {
				BuildIndependentTargetsInParallel = 1;
				LastSwiftUpdateCheck = 1410;
				LastUpgradeCheck = 1410;
				TargetAttributes = {
					76D6CD4D291A503D0093C35F = {
						CreatedOnToolsVersion = 14.1;
					};
				};
			};
			buildConfigurationList = 76D6CD49291A503D0093C35F /* Build configuration list for PBXProject "Scrumdinger" */;
			compatibilityVersion = "Xcode 14.0";
			developmentRegion = en;
			hasScannedForEncodings = 0;
			knownRegions = (
				en,
				Base,
			);
			mainGroup = 76D6CD45291A503D0093C35F;
			productRefGroup = 76D6CD4F291A503D0093C35F /* Products */;
			projectDirPath = "";
			projectRoot = "";
			targets = (
				76D6CD4D291A503D0093C35F /* Scrumdinger */,
			);
		};
/* End PBXProject section */

/* Begin PBXResourcesBuildPhase section */
		76D6CD4C291A503D0093C35F /* Resources */ = {
			isa = PBXResourcesBuildPhase;
			buildActionMask = 2147483647;
			files = (
				76D6CD59291A503E0093C35F /* Preview Assets.xcassets in Resources */,
				76D6CD56291A503E0093C35F /* Assets.xcassets in Resources */,
			);
			runOnlyForDeploymentPostprocessing = 0;
		};
/* End PBXResourcesBuildPhase section */

/* Begin PBXSourcesBuildPhase section */
		76D6CD4A291A503D0093C35F /* Sources */ = {
			isa = PBXSourcesBuildPhase;
			buildActionMask = 2147483647;
			files = (
				76A74791291BE3B400525F5D /* ThemePicker.swift in Sources */,
				76A74795291D18EB00525F5D /* ScrumProgressViewStyle.swift in Sources */,
				76A7479A291D212C00525F5D /* MeetingFooterView.swift in Sources */,
				76A74797291D1C0A00525F5D /* ScrumTimer.swift in Sources */,
				7639FFAE291A7CA900EBC225 /* DailyScrum.swift in Sources */,
				7639FFB2291A88D300EBC225 /* TrailingIconLabelStyle.swift in Sources */,
				76A74793291CFF4500525F5D /* MeetingHeaderView.swift in Sources */,
				76A7478B291BC07300525F5D /* DetailEditView.swift in Sources */,
				7639FFAC291A79F400EBC225 /* Theme.swift in Sources */,
				76A74787291AA17000525F5D /* DetailView.swift in Sources */,
				76A74785291A98F100525F5D /* ScrumsView.swift in Sources */,
				76D6CD65291A62C20093C35F /* MeetingView.swift in Sources */,
				76D6CD52291A503D0093C35F /* ScrumdingerApp.swift in Sources */,
				76A7479C291D22CE00525F5D /* AVPlayer.swift in Sources */,
				76A7478F291BDF2B00525F5D /* ThemeView.swift in Sources */,
				7639FFB0291A7E8200EBC225 /* CardView.swift in Sources */,
			);
			runOnlyForDeploymentPostprocessing = 0;
		};
/* End PBXSourcesBuildPhase section */

/* Begin XCBuildConfiguration section */
		76D6CD5A291A503E0093C35F /* Debug */ = {
			isa = XCBuildConfiguration;
			buildSettings = {
				ALWAYS_SEARCH_USER_PATHS = NO;
				CLANG_ANALYZER_NONNULL = YES;
				CLANG_ANALYZER_NUMBER_OBJECT_CONVERSION = YES_AGGRESSIVE;
				CLANG_CXX_LANGUAGE_STANDARD = "gnu++20";
				CLANG_ENABLE_MODULES = YES;
				CLANG_ENABLE_OBJC_ARC = YES;
				CLANG_ENABLE_OBJC_WEAK = YES;
				CLANG_WARN_BLOCK_CAPTURE_AUTORELEASING = YES;
				CLANG_WARN_BOOL_CONVERSION = YES;
				CLANG_WARN_COMMA = YES;
				CLANG_WARN_CONSTANT_CONVERSION = YES;
				CLANG_WARN_DEPRECATED_OBJC_IMPLEMENTATIONS = YES;
				CLANG_WARN_DIRECT_OBJC_ISA_USAGE = YES_ERROR;
				CLANG_WARN_DOCUMENTATION_COMMENTS = YES;
				CLANG_WARN_EMPTY_BODY = YES;
				CLANG_WARN_ENUM_CONVERSION = YES;
				CLANG_WARN_INFINITE_RECURSION = YES;
				CLANG_WARN_INT_CONVERSION = YES;
				CLANG_WARN_NON_LITERAL_NULL_CONVERSION = YES;
				CLANG_WARN_OBJC_IMPLICIT_RETAIN_SELF = YES;
				CLANG_WARN_OBJC_LITERAL_CONVERSION = YES;
				CLANG_WARN_OBJC_ROOT_CLASS = YES_ERROR;
				CLANG_WARN_QUOTED_INCLUDE_IN_FRAMEWORK_HEADER = YES;
				CLANG_WARN_RANGE_LOOP_ANALYSIS = YES;
				CLANG_WARN_STRICT_PROTOTYPES = YES;
				CLANG_WARN_SUSPICIOUS_MOVE = YES;
				CLANG_WARN_UNGUARDED_AVAILABILITY = YES_AGGRESSIVE;
				CLANG_WARN_UNREACHABLE_CODE = YES;
				CLANG_WARN__DUPLICATE_METHOD_MATCH = YES;
				COPY_PHASE_STRIP = NO;
				DEBUG_INFORMATION_FORMAT = dwarf;
				ENABLE_STRICT_OBJC_MSGSEND = YES;
				ENABLE_TESTABILITY = YES;
				GCC_C_LANGUAGE_STANDARD = gnu11;
				GCC_DYNAMIC_NO_PIC = NO;
				GCC_NO_COMMON_BLOCKS = YES;
				GCC_OPTIMIZATION_LEVEL = 0;
				GCC_PREPROCESSOR_DEFINITIONS = (
					"DEBUG=1",
					"$(inherited)",
				);
				GCC_WARN_64_TO_32_BIT_CONVERSION = YES;
				GCC_WARN_ABOUT_RETURN_TYPE = YES_ERROR;
				GCC_WARN_UNDECLARED_SELECTOR = YES;
				GCC_WARN_UNINITIALIZED_AUTOS = YES_AGGRESSIVE;
				GCC_WARN_UNUSED_FUNCTION = YES;
				GCC_WARN_UNUSED_VARIABLE = YES;
				IPHONEOS_DEPLOYMENT_TARGET = 16.1;
				MTL_ENABLE_DEBUG_INFO = INCLUDE_SOURCE;
				MTL_FAST_MATH = YES;
				ONLY_ACTIVE_ARCH = YES;
				SDKROOT = iphoneos;
				SWIFT_ACTIVE_COMPILATION_CONDITIONS = DEBUG;
				SWIFT_OPTIMIZATION_LEVEL = "-Onone";
			};
			name = Debug;
		};
		76D6CD5B291A503E0093C35F /* Release */ = {
			isa = XCBuildConfiguration;
			buildSettings = {
				ALWAYS_SEARCH_USER_PATHS = NO;
				CLANG_ANALYZER_NONNULL = YES;
				CLANG_ANALYZER_NUMBER_OBJECT_CONVERSION = YES_AGGRESSIVE;
				CLANG_CXX_LANGUAGE_STANDARD = "gnu++20";
				CLANG_ENABLE_MODULES = YES;
				CLANG_ENABLE_OBJC_ARC = YES;
				CLANG_ENABLE_OBJC_WEAK = YES;
				CLANG_WARN_BLOCK_CAPTURE_AUTORELEASING = YES;
				CLANG_WARN_BOOL_CONVERSION = YES;
				CLANG_WARN_COMMA = YES;
				CLANG_WARN_CONSTANT_CONVERSION = YES;
				CLANG_WARN_DEPRECATED_OBJC_IMPLEMENTATIONS = YES;
				CLANG_WARN_DIRECT_OBJC_ISA_USAGE = YES_ERROR;
				CLANG_WARN_DOCUMENTATION_COMMENTS = YES;
				CLANG_WARN_EMPTY_BODY = YES;
				CLANG_WARN_ENUM_CONVERSION = YES;
				CLANG_WARN_INFINITE_RECURSION = YES;
				CLANG_WARN_INT_CONVERSION = YES;
				CLANG_WARN_NON_LITERAL_NULL_CONVERSION = YES;
				CLANG_WARN_OBJC_IMPLICIT_RETAIN_SELF = YES;
				CLANG_WARN_OBJC_LITERAL_CONVERSION = YES;
				CLANG_WARN_OBJC_ROOT_CLASS = YES_ERROR;
				CLANG_WARN_QUOTED_INCLUDE_IN_FRAMEWORK_HEADER = YES;
				CLANG_WARN_RANGE_LOOP_ANALYSIS = YES;
				CLANG_WARN_STRICT_PROTOTYPES = YES;
				CLANG_WARN_SUSPICIOUS_MOVE = YES;
				CLANG_WARN_UNGUARDED_AVAILABILITY = YES_AGGRESSIVE;
				CLANG_WARN_UNREACHABLE_CODE = YES;
				CLANG_WARN__DUPLICATE_METHOD_MATCH = YES;
				COPY_PHASE_STRIP = NO;
				DEBUG_INFORMATION_FORMAT = "dwarf-with-dsym";
				ENABLE_NS_ASSERTIONS = NO;
				ENABLE_STRICT_OBJC_MSGSEND = YES;
				GCC_C_LANGUAGE_STANDARD = gnu11;
				GCC_NO_COMMON_BLOCKS = YES;
				GCC_WARN_64_TO_32_BIT_CONVERSION = YES;
				GCC_WARN_ABOUT_RETURN_TYPE = YES_ERROR;
				GCC_WARN_UNDECLARED_SELECTOR = YES;
				GCC_WARN_UNINITIALIZED_AUTOS = YES_AGGRESSIVE;
				GCC_WARN_UNUSED_FUNCTION = YES;
				GCC_WARN_UNUSED_VARIABLE = YES;
				IPHONEOS_DEPLOYMENT_TARGET = 16.1;
				MTL_ENABLE_DEBUG_INFO = NO;
				MTL_FAST_MATH = YES;
				SDKROOT = iphoneos;
				SWIFT_COMPILATION_MODE = wholemodule;
				SWIFT_OPTIMIZATION_LEVEL = "-O";
				VALIDATE_PRODUCT = YES;
			};
			name = Release;
		};
		76D6CD5D291A503E0093C35F /* Debug */ = {
			isa = XCBuildConfiguration;
			buildSettings = {
				ASSETCATALOG_COMPILER_APPICON_NAME = AppIcon;
				ASSETCATALOG_COMPILER_GLOBAL_ACCENT_COLOR_NAME = AccentColor;
				CODE_SIGN_STYLE = Automatic;
				CURRENT_PROJECT_VERSION = 1;
				DEVELOPMENT_ASSET_PATHS = "\"Scrumdinger/Preview Content\"";
				DEVELOPMENT_TEAM = FCV28MBG99;
				ENABLE_PREVIEWS = YES;
				GENERATE_INFOPLIST_FILE = YES;
				INFOPLIST_KEY_UIApplicationSceneManifest_Generation = YES;
				INFOPLIST_KEY_UIApplicationSupportsIndirectInputEvents = YES;
				INFOPLIST_KEY_UILaunchScreen_Generation = YES;
				INFOPLIST_KEY_UISupportedInterfaceOrientations_iPad = "UIInterfaceOrientationPortrait UIInterfaceOrientationPortraitUpsideDown UIInterfaceOrientationLandscapeLeft UIInterfaceOrientationLandscapeRight";
				INFOPLIST_KEY_UISupportedInterfaceOrientations_iPhone = "UIInterfaceOrientationPortrait UIInterfaceOrientationLandscapeLeft UIInterfaceOrientationLandscapeRight";
				LD_RUNPATH_SEARCH_PATHS = (
					"$(inherited)",
					"@executable_path/Frameworks",
				);
				MARKETING_VERSION = 1.0;
				PRODUCT_BUNDLE_IDENTIFIER = camelia.Scrumdinger;
				PRODUCT_NAME = "$(TARGET_NAME)";
				SWIFT_EMIT_LOC_STRINGS = YES;
				SWIFT_VERSION = 5.0;
				TARGETED_DEVICE_FAMILY = "1,2";
			};
			name = Debug;
		};
		76D6CD5E291A503E0093C35F /* Release */ = {
			isa = XCBuildConfiguration;
			buildSettings = {
				ASSETCATALOG_COMPILER_APPICON_NAME = AppIcon;
				ASSETCATALOG_COMPILER_GLOBAL_ACCENT_COLOR_NAME = AccentColor;
				CODE_SIGN_STYLE = Automatic;
				CURRENT_PROJECT_VERSION = 1;
				DEVELOPMENT_ASSET_PATHS = "\"Scrumdinger/Preview Content\"";
				DEVELOPMENT_TEAM = FCV28MBG99;
				ENABLE_PREVIEWS = YES;
				GENERATE_INFOPLIST_FILE = YES;
				INFOPLIST_KEY_UIApplicationSceneManifest_Generation = YES;
				INFOPLIST_KEY_UIApplicationSupportsIndirectInputEvents = YES;
				INFOPLIST_KEY_UILaunchScreen_Generation = YES;
				INFOPLIST_KEY_UISupportedInterfaceOrientations_iPad = "UIInterfaceOrientationPortrait UIInterfaceOrientationPortraitUpsideDown UIInterfaceOrientationLandscapeLeft UIInterfaceOrientationLandscapeRight";
				INFOPLIST_KEY_UISupportedInterfaceOrientations_iPhone = "UIInterfaceOrientationPortrait UIInterfaceOrientationLandscapeLeft UIInterfaceOrientationLandscapeRight";
				LD_RUNPATH_SEARCH_PATHS = (
					"$(inherited)",
					"@executable_path/Frameworks",
				);
				MARKETING_VERSION = 1.0;
				PRODUCT_BUNDLE_IDENTIFIER = camelia.Scrumdinger;
				PRODUCT_NAME = "$(TARGET_NAME)";
				SWIFT_EMIT_LOC_STRINGS = YES;
				SWIFT_VERSION = 5.0;
				TARGETED_DEVICE_FAMILY = "1,2";
			};
			name = Release;
		};
/* End XCBuildConfiguration section */

/* Begin XCConfigurationList section */
		76D6CD49291A503D0093C35F /* Build configuration list for PBXProject "Scrumdinger" */ = {
			isa = XCConfigurationList;
			buildConfigurations = (
				76D6CD5A291A503E0093C35F /* Debug */,
				76D6CD5B291A503E0093C35F /* Release */,
			);
			defaultConfigurationIsVisible = 0;
			defaultConfigurationName = Release;
		};
		76D6CD5C291A503E0093C35F /* Build configuration list for PBXNativeTarget "Scrumdinger" */ = {
			isa = XCConfigurationList;
			buildConfigurations = (
				76D6CD5D291A503E0093C35F /* Debug */,
				76D6CD5E291A503E0093C35F /* Release */,
			);
			defaultConfigurationIsVisible = 0;
			defaultConfigurationName = Release;
		};
/* End XCConfigurationList section */
	};
	rootObject = 76D6CD46291A503D0093C35F /* Project object */;
}
